{
  "nodes": {
    "home-manager": {
      "inputs": {
        "nixpkgs": [
          "nixpkgs"
        ]
      },
      "locked": {
        "lastModified": 1753709185,
        "narHash": "sha256-fU0XPSNudRJHvbeMK2qWBXEbfd77t7r+e9V2L9ON5kI=",
        "owner": "nix-community",
        "repo": "home-manager",
        "rev": "20cf285e9f8e5e3968abca80081c03ea96e7ea73",
        "type": "github"
      },
      "original": {
        "owner": "nix-community",
        "repo": "home-manager",
        "type": "github"
      }
    },
    "nixpkgs": {
      "locked": {
        "lastModified": 1753549186,
        "narHash": "sha256-Znl7rzuxKg/Mdm6AhimcKynM7V3YeNDIcLjBuoBcmNs=",
        "owner": "nixos",
        "repo": "nixpkgs",
        "rev": "17f6bd177404d6d43017595c5264756764444ab8",
        "type": "github"
      },
      "original": {
        "owner": "nixos",
        "ref": "nixos-unstable",
        "repo": "nixpkgs",
        "type": "github"
      }
    },
    "root": {
      "inputs": {
        "home-manager": "home-manager",
        "nixpkgs": "nixpkgs"
      }
    }
  },
  "root": "root",
  "version": 7
}
