{
  "nodes": {
    "alejandra": {
      "inputs": {
        "fenix": "fenix",
        "flakeCompat": "flakeCompat",
        "nixpkgs": [
          "packageset",
          "idris2Lsp",
          "nixpkgs"
        ]
      },
      "locked": {
        "lastModified": 1660592437,
        "narHash": "sha256-xFumnivtVwu5fFBOrTxrv6fv3geHKF04RGP23EsDVaI=",
        "owner": "kamadorueda",
        "repo": "alejandra",
        "rev": "e7eac49074b70814b542fee987af2987dd0520b5",
        "type": "github"
      },
      "original": {
        "owner": "kamadorueda",
        "ref": "3.0.0",
        "repo": "alejandra",
        "type": "github"
      }
    },
    "cl-nix-lite": {
      "locked": {
        "lastModified": 1728174978,
        "narHash": "sha256-Grqqg+xuicANB85j0gNEXxi9SBKY7bzGeTuyi95eGcY=",
        "owner": "hraban",
        "repo": "cl-nix-lite",
        "rev": "31cfe6275c341eb3120a99f4b1c8516c49a29d87",
        "type": "github"
      },
      "original": {
        "owner": "hraban",
        "repo": "cl-nix-lite",
        "type": "github"
      }
    },
    "claude-code": {
      "inputs": {
        "flake-utils": "flake-utils",
        "nixpkgs": "nixpkgs"
      },
      "locked": {
        "lastModified": 1759165318,
        "narHash": "sha256-FB1cZjpHaOU2ex8WhQdccD5RofsAXoQQU557usZGT1Q=",
        "owner": "sadjow",
        "repo": "claude-code-nix",
        "rev": "0c974f171071589f46c368389628096b4be73cfb",
        "type": "github"
      },
      "original": {
        "owner": "sadjow",
        "repo": "claude-code-nix",
        "type": "github"
      }
    },
    "fenix": {
      "inputs": {
        "nixpkgs": [
          "packageset",
          "idris2Lsp",
          "alejandra",
          "nixpkgs"
        ],
        "rust-analyzer-src": "rust-analyzer-src"
      },
      "locked": {
        "lastModified": 1657607339,
        "narHash": "sha256-HaqoAwlbVVZH2n4P3jN2FFPMpVuhxDy1poNOR7kzODc=",
        "owner": "nix-community",
        "repo": "fenix",
        "rev": "b814c83d9e6aa5a28d0cf356ecfdafb2505ad37d",
        "type": "github"
      },
      "original": {
        "owner": "nix-community",
        "repo": "fenix",
        "type": "github"
      }
    },
    "flake-compat": {
      "flake": false,
      "locked": {
        "lastModified": 1730663653,
        "narHash": "sha256-kFCUWettiFHDIqxCWWQ9qY8pVh+Lj+XL0Giyy/kdomg=",
        "owner": "hraban",
        "repo": "flake-compat",
        "rev": "e5b16676185cb7548581c852f51ce7f3a49bba5e",
        "type": "github"
      },
      "original": {
        "owner": "hraban",
        "ref": "fixed-output",
        "repo": "flake-compat",
        "type": "github"
      }
    },
    "flake-utils": {
      "inputs": {
        "systems": "systems"
      },
      "locked": {
        "lastModified": 1731533236,
        "narHash": "sha256-l0KFg5HjrsfsO/JpG+r7fRrqm12kzFHyUHqHCVpMMbI=",
        "owner": "numtide",
        "repo": "flake-utils",
        "rev": "11707dc2f618dd54ca8739b309ec4fc024de578b",
        "type": "github"
      },
      "original": {
        "owner": "numtide",
        "repo": "flake-utils",
        "type": "github"
      }
    },
    "flake-utils_2": {
      "inputs": {
        "systems": [
          "mac-app-util",
          "systems"
        ]
      },
      "locked": {
        "lastModified": 1731533236,
        "narHash": "sha256-l0KFg5HjrsfsO/JpG+r7fRrqm12kzFHyUHqHCVpMMbI=",
        "owner": "numtide",
        "repo": "flake-utils",
        "rev": "11707dc2f618dd54ca8739b309ec4fc024de578b",
        "type": "github"
      },
      "original": {
        "id": "flake-utils",
        "type": "indirect"
      }
    },
    "flake-utils_3": {
      "inputs": {
        "systems": "systems_3"
      },
      "locked": {
        "lastModified": 1731533236,
        "narHash": "sha256-l0KFg5HjrsfsO/JpG+r7fRrqm12kzFHyUHqHCVpMMbI=",
        "owner": "numtide",
        "repo": "flake-utils",
        "rev": "11707dc2f618dd54ca8739b309ec4fc024de578b",
        "type": "github"
      },
      "original": {
        "owner": "numtide",
        "repo": "flake-utils",
        "type": "github"
      }
    },
    "flake-utils_4": {
      "inputs": {
        "systems": "systems_4"
      },
      "locked": {
        "lastModified": 1731533236,
        "narHash": "sha256-l0KFg5HjrsfsO/JpG+r7fRrqm12kzFHyUHqHCVpMMbI=",
        "owner": "numtide",
        "repo": "flake-utils",
        "rev": "11707dc2f618dd54ca8739b309ec4fc024de578b",
        "type": "github"
      },
      "original": {
        "owner": "numtide",
        "repo": "flake-utils",
        "type": "github"
      }
    },
    "flakeCompat": {
      "flake": false,
      "locked": {
        "lastModified": 1650374568,
        "narHash": "sha256-Z+s0J8/r907g149rllvwhb4pKi8Wam5ij0st8PwAh+E=",
        "owner": "edolstra",
        "repo": "flake-compat",
        "rev": "b4a34015c698c7793d592d66adbab377907a2be8",
        "type": "github"
      },
      "original": {
        "owner": "edolstra",
        "repo": "flake-compat",
        "type": "github"
      }
    },
    "home-manager": {
      "inputs": {
        "nixpkgs": [
          "nixpkgs"
        ]
      },
      "locked": {
        "lastModified": 1758928860,
        "narHash": "sha256-ZqaRdd+KoR54dNJPtd7UX4O0X+02YItnTpQVu28lSVI=",
        "owner": "nix-community",
        "repo": "home-manager",
        "rev": "bc2afee55bc5d3b825287829d6592b9cc1405aad",
        "type": "github"
      },
      "original": {
        "owner": "nix-community",
        "repo": "home-manager",
        "type": "github"
      }
    },
    "idris": {
      "inputs": {
        "flake-utils": "flake-utils_4",
        "idris-emacs-src": "idris-emacs-src_2",
        "nixpkgs": [
          "packageset",
          "idris2Lsp",
          "idris2Lsp",
          "nixpkgs"
        ]
      },
      "locked": {
        "lastModified": 1755736001,
        "narHash": "sha256-GfUyY3p9AcMbPiuAA2niKd6Mlf8S94uh4QcxxTRyp/k=",
        "owner": "idris-lang",
        "repo": "Idris2",
        "rev": "adfba5bf0fae917146325483dd25e1a95db033aa",
        "type": "github"
      },
      "original": {
        "owner": "idris-lang",
        "repo": "Idris2",
        "type": "github"
      }
    },
    "idris-emacs-src": {
      "flake": false,
      "locked": {
        "lastModified": 1666078909,
        "narHash": "sha256-oYNHFIpcrFfPb4sXJwEBFKeH+PB4AGCrAFrfBrSTCeo=",
        "owner": "redfish64",
        "repo": "idris2-mode",
        "rev": "3bcb52a65c488f31c99d20f235f6050418a84c9d",
        "type": "github"
      },
      "original": {
        "owner": "redfish64",
        "repo": "idris2-mode",
        "type": "github"
      }
    },
    "idris-emacs-src_2": {
      "flake": false,
      "locked": {
        "lastModified": 1666078909,
        "narHash": "sha256-oYNHFIpcrFfPb4sXJwEBFKeH+PB4AGCrAFrfBrSTCeo=",
        "owner": "redfish64",
        "repo": "idris2-mode",
        "rev": "3bcb52a65c488f31c99d20f235f6050418a84c9d",
        "type": "github"
      },
      "original": {
        "owner": "redfish64",
        "repo": "idris2-mode",
        "type": "github"
      }
    },
    "idris2": {
      "inputs": {
        "flake-utils": "flake-utils_3",
        "idris-emacs-src": "idris-emacs-src",
        "nixpkgs": [
          "packageset",
          "nixpkgs"
        ]
      },
      "locked": {
        "lastModified": 1758182787,
        "narHash": "sha256-TxUNsGgnw4XPayXp0Idsz6IgRVJsBG4bCv/nF8GK3tM=",
        "owner": "idris-lang",
        "repo": "idris2",
        "rev": "8695f06c6250ee948d53e97094e93a7738a79c2c",
        "type": "github"
      },
      "original": {
        "owner": "idris-lang",
        "repo": "idris2",
        "rev": "8695f06c6250ee948d53e97094e93a7738a79c2c",
        "type": "github"
      }
    },
    "idris2Lsp": {
      "inputs": {
        "alejandra": "alejandra",
        "idris": [
          "packageset",
          "idris2"
        ],
        "idris2Lsp": "idris2Lsp_2",
        "lspLib": "lspLib_2",
        "nixpkgs": [
          "packageset",
          "nixpkgs"
        ]
      },
      "locked": {
        "lastModified": 1757515244,
        "narHash": "sha256-uYmg9Jd98RiO5SpRFox2xNAxY4nocPuK//zxuaIi/DM=",
        "owner": "idris-community",
        "repo": "idris2-lsp",
        "rev": "81344545c134c8e7105ecf1fdd7a1caae6647035",
        "type": "github"
      },
      "original": {
        "owner": "idris-community",
        "repo": "idris2-lsp",
        "rev": "81344545c134c8e7105ecf1fdd7a1caae6647035",
        "type": "github"
      }
    },
    "idris2Lsp_2": {
      "inputs": {
        "alejandra": [
          "packageset",
          "idris2Lsp",
          "alejandra"
        ],
        "idris": "idris",
        "idris2Lsp": "idris2Lsp_3",
        "lspLib": "lspLib",
        "nixpkgs": [
          "packageset",
          "idris2Lsp",
          "nixpkgs"
        ]
      },
      "locked": {
        "lastModified": 1755781462,
        "narHash": "sha256-/DNfM6EyxsksvgerJLB4uFgKANGgYe60sNuDeWlDqqQ=",
        "owner": "idris-community",
        "repo": "idris2-lsp",
        "rev": "10d7b1357be56e00c1be2cb3fdb78270a8172f50",
        "type": "github"
      },
      "original": {
        "owner": "idris-community",
        "repo": "idris2-lsp",
        "type": "github"
      }
    },
    "idris2Lsp_3": {
      "inputs": {
        "alejandra": [
          "packageset",
          "idris2Lsp",
          "alejandra"
        ],
        "idris": [
          "packageset",
          "idris2Lsp",
          "idris"
        ],
        "idris2Lsp": [
          "packageset",
          "idris2Lsp",
          "idris2Lsp"
        ],
        "lspLib": [
          "packageset",
          "idris2Lsp",
          "lspLib"
        ],
        "nixpkgs": [
          "packageset",
          "idris2Lsp",
          "nixpkgs"
        ]
      },
      "locked": {
        "lastModified": 1755029558,
        "narHash": "sha256-PRbjCpqn47HUTd0DaEPU8V1aWGPei2l/mgmodKLUFSo=",
        "owner": "idris-community",
        "repo": "idris2-lsp",
        "rev": "2e38e3ee05894c42ac581fddda2a90f3be8a664d",
        "type": "github"
      },
      "original": {
        "owner": "idris-community",
        "repo": "idris2-lsp",
        "type": "github"
      }
    },
    "idris2PackDbSrc": {
      "flake": false,
      "locked": {
        "lastModified": 1758924232,
        "narHash": "sha256-5szGKrqOPk3ZsPMb2pLpXaPxP22olAySEkB1EjLMQm8=",
        "owner": "stefan-hoeck",
        "repo": "idris2-pack-db",
        "rev": "edab9b4b9801a7bf1096f32c20f90a6758298297",
        "type": "github"
      },
      "original": {
        "owner": "stefan-hoeck",
        "repo": "idris2-pack-db",
        "type": "github"
      }
    },
    "lspLib": {
      "inputs": {
        "idris": [
          "packageset",
          "idris2Lsp",
          "idris2Lsp",
          "idris"
        ],
        "idris2Lsp": [
          "packageset",
          "idris2Lsp",
          "idris2Lsp",
          "idris2Lsp"
        ],
        "nixpkgs": [
          "packageset",
          "idris2Lsp",
          "idris2Lsp",
          "nixpkgs"
        ]
      },
      "locked": {
        "lastModified": 1755177633,
        "narHash": "sha256-maXHx/OrflIdV7XPfDCRShUGZekLbLOSFQPHnL6DxnI=",
        "owner": "idris-community",
        "repo": "LSP-lib",
        "rev": "ca77e80a392b8cfeee3aaeb150069957699cdb82",
        "type": "github"
      },
      "original": {
        "owner": "idris-community",
        "repo": "LSP-lib",
        "type": "github"
      }
    },
    "lspLib_2": {
      "inputs": {
        "idris": [
          "packageset",
          "idris2Lsp",
          "idris"
        ],
        "idris2Lsp": [
          "packageset",
          "idris2Lsp",
          "idris2Lsp"
        ],
        "nixpkgs": [
          "packageset",
          "idris2Lsp",
          "nixpkgs"
        ]
      },
      "locked": {
        "lastModified": 1755177633,
        "narHash": "sha256-maXHx/OrflIdV7XPfDCRShUGZekLbLOSFQPHnL6DxnI=",
        "owner": "idris-community",
        "repo": "LSP-lib",
        "rev": "ca77e80a392b8cfeee3aaeb150069957699cdb82",
        "type": "github"
      },
      "original": {
        "owner": "idris-community",
        "repo": "LSP-lib",
        "type": "github"
      }
    },
    "mac-app-util": {
      "inputs": {
        "cl-nix-lite": "cl-nix-lite",
        "flake-compat": "flake-compat",
        "flake-utils": "flake-utils_2",
        "nixpkgs": "nixpkgs_2",
        "systems": "systems_2",
        "treefmt-nix": "treefmt-nix"
      },
      "locked": {
        "lastModified": 1756057867,
        "narHash": "sha256-ziR5eQGqRWhW8tf8r0TIplaqNt+HXu1G1X41LUr4IYo=",
        "owner": "hraban",
        "repo": "mac-app-util",
        "rev": "8414fa1e2cb775b17793104a9095aabeeada63ef",
        "type": "github"
      },
      "original": {
        "owner": "hraban",
        "repo": "mac-app-util",
        "type": "github"
      }
    },
    "nixpkgs": {
      "locked": {
        "lastModified": 1759070547,
        "narHash": "sha256-JVZl8NaVRYb0+381nl7LvPE+A774/dRpif01FKLrYFQ=",
        "owner": "NixOS",
        "repo": "nixpkgs",
        "rev": "647e5c14cbd5067f44ac86b74f014962df460840",
        "type": "github"
      },
      "original": {
        "owner": "NixOS",
        "ref": "nixpkgs-unstable",
        "repo": "nixpkgs",
        "type": "github"
      }
    },
    "nixpkgs_2": {
      "locked": {
        "lastModified": 1732617236,
        "narHash": "sha256-PYkz6U0bSEaEB1al7O1XsqVNeSNS+s3NVclJw7YC43w=",
        "owner": "NixOS",
        "repo": "nixpkgs",
        "rev": "af51545ec9a44eadf3fe3547610a5cdd882bc34e",
        "type": "github"
      },
      "original": {
        "owner": "NixOS",
        "repo": "nixpkgs",
        "rev": "af51545ec9a44eadf3fe3547610a5cdd882bc34e",
        "type": "github"
      }
    },
    "nixpkgs_3": {
      "locked": {
        "lastModified": 1754340878,
        "narHash": "sha256-lgmUyVQL9tSnvvIvBp7x1euhkkCho7n3TMzgjdvgPoU=",
        "owner": "nixos",
        "repo": "nixpkgs",
        "rev": "cab778239e705082fe97bb4990e0d24c50924c04",
        "type": "github"
      },
      "original": {
        "owner": "nixos",
        "ref": "nixpkgs-unstable",
        "repo": "nixpkgs",
        "type": "github"
      }
    },
    "nixpkgs_4": {
      "locked": {
        "lastModified": 1758690382,
        "narHash": "sha256-NY3kSorgqE5LMm1LqNwGne3ZLMF2/ILgLpFr1fS4X3o=",
        "owner": "nixos",
        "repo": "nixpkgs",
        "rev": "e643668fd71b949c53f8626614b21ff71a07379d",
        "type": "github"
      },
      "original": {
        "owner": "nixos",
        "ref": "nixos-unstable",
        "repo": "nixpkgs",
        "type": "github"
      }
    },
    "nixpkgs_5": {
      "locked": {
        "lastModified": 1758763312,
        "narHash": "sha256-puBMviZhYlqOdUUgEmMVJpXqC/ToEqSvkyZ30qQ09xM=",
        "owner": "nixos",
        "repo": "nixpkgs",
        "rev": "e57b3b16ad8758fd681511a078f35c416a8cc939",
        "type": "github"
      },
      "original": {
        "owner": "nixos",
        "ref": "nixpkgs-unstable",
        "repo": "nixpkgs",
        "type": "github"
      }
    },
    "packageset": {
      "inputs": {
        "idris2": "idris2",
        "idris2Lsp": "idris2Lsp",
        "idris2PackDbSrc": "idris2PackDbSrc",
        "nixpkgs": "nixpkgs_5"
      },
      "locked": {
        "lastModified": 1758937138,
        "narHash": "sha256-FQ5EECBlCKApYLXB8ruuw6s3ypJpEdmEfxYx3umRFi0=",
        "owner": "mattpolzin",
        "repo": "nix-idris2-packages",
        "rev": "bc975ffa1fee40c2135c819cd2864764c4c0e842",
        "type": "github"
      },
      "original": {
        "owner": "mattpolzin",
        "repo": "nix-idris2-packages",
        "type": "github"
      }
    },
    "root": {
      "inputs": {
        "claude-code": "claude-code",
        "home-manager": "home-manager",
        "mac-app-util": "mac-app-util",
        "nixpkgs": "nixpkgs_4",
        "packageset": "packageset"
      }
    },
    "rust-analyzer-src": {
      "flake": false,
      "locked": {
        "lastModified": 1657557289,
        "narHash": "sha256-PRW+nUwuqNTRAEa83SfX+7g+g8nQ+2MMbasQ9nt6+UM=",
        "owner": "rust-lang",
        "repo": "rust-analyzer",
        "rev": "caf23f29144b371035b864a1017dbc32573ad56d",
        "type": "github"
      },
      "original": {
        "owner": "rust-lang",
        "ref": "nightly",
        "repo": "rust-analyzer",
        "type": "github"
      }
    },
    "systems": {
      "locked": {
        "lastModified": 1681028828,
        "narHash": "sha256-Vy1rq5AaRuLzOxct8nz4T6wlgyUR7zLU309k9mBC768=",
        "owner": "nix-systems",
        "repo": "default",
        "rev": "da67096a3b9bf56a91d16901293e51ba5b49a27e",
        "type": "github"
      },
      "original": {
        "owner": "nix-systems",
        "repo": "default",
        "type": "github"
      }
    },
    "systems_2": {
      "locked": {
        "lastModified": 1689347925,
        "narHash": "sha256-ozenz5bFe1UUqOn7f60HRmgc01BgTGIKZ4Xl+HbocGQ=",
        "owner": "nix-systems",
        "repo": "default-darwin",
        "rev": "2235d7e6cc29ae99878133c95e9fe5e157661ffb",
        "type": "github"
      },
      "original": {
        "owner": "nix-systems",
        "repo": "default-darwin",
        "type": "github"
      }
    },
    "systems_3": {
      "locked": {
        "lastModified": 1681028828,
        "narHash": "sha256-Vy1rq5AaRuLzOxct8nz4T6wlgyUR7zLU309k9mBC768=",
        "owner": "nix-systems",
        "repo": "default",
        "rev": "da67096a3b9bf56a91d16901293e51ba5b49a27e",
        "type": "github"
      },
      "original": {
        "owner": "nix-systems",
        "repo": "default",
        "type": "github"
      }
    },
    "systems_4": {
      "locked": {
        "lastModified": 1681028828,
        "narHash": "sha256-Vy1rq5AaRuLzOxct8nz4T6wlgyUR7zLU309k9mBC768=",
        "owner": "nix-systems",
        "repo": "default",
        "rev": "da67096a3b9bf56a91d16901293e51ba5b49a27e",
        "type": "github"
      },
      "original": {
        "owner": "nix-systems",
        "repo": "default",
        "type": "github"
      }
    },
    "treefmt-nix": {
      "inputs": {
        "nixpkgs": "nixpkgs_3"
      },
      "locked": {
        "lastModified": 1755934250,
        "narHash": "sha256-CsDojnMgYsfshQw3t4zjRUkmMmUdZGthl16bXVWgRYU=",
        "owner": "numtide",
        "repo": "treefmt-nix",
        "rev": "74e1a52d5bd9430312f8d1b8b0354c92c17453e5",
        "type": "github"
      },
      "original": {
        "owner": "numtide",
        "repo": "treefmt-nix",
        "type": "github"
      }
    }
  },
  "root": "root",
  "version": 7
}
